
Microsoft Visual Studio Solution File, Format Version 12.00
# Visual Studio Version 17
VisualStudioVersion = 17.14.36717.8
MinimumVisualStudioVersion = 10.0.40219.1
Project("{8BC9CEB8-8B4A-11D0-8D11-00A0C91BC942}") = "MDINotepad", "MDINotepad.vcxproj", "{84DE7DCC-AC2C-DD89-399C-492DF6923880}"
EndProject
Project("{8BC9CEB8-8B4A-11D0-8D11-00A0C91BC942}") = "MDINotepadTests", "..\MDINotepadTests\MDINotepadTests.vcxproj", "{D05B2A3B-B0F6-43D7-8320-A7429BFF2823}"
EndProject
Global
	GlobalSection(SolutionConfigurationPlatforms) = preSolution
		Debug|x64 = Debug|x64
		Debug|x86 = Debug|x86
		Release|x64 = Release|x64
		Release|x86 = Release|x86
	EndGlobalSection
	GlobalSection(ProjectConfigurationPlatforms) = postSolution
		{84DE7DCC-AC2C-DD89-399C-492DF6923880}.Debug|x64.ActiveCfg = Debug|x64
		{84DE7DCC-AC2C-DD89-399C-492DF6923880}.Debug|x64.Build.0 = Debug|x64
		{84DE7DCC-AC2C-DD89-399C-492DF6923880}.Debug|x86.ActiveCfg = Debug|Win32
		{84DE7DCC-AC2C-DD89-399C-492DF6923880}.Debug|x86.Build.0 = Debug|Win32
		{84DE7DCC-AC2C-DD89-399C-492DF6923880}.Release|x64.ActiveCfg = Release|x64
		{84DE7DCC-AC2C-DD89-399C-492DF6923880}.Release|x64.Build.0 = Release|x64
		{84DE7DCC-AC2C-DD89-399C-492DF6923880}.Release|x86.ActiveCfg = Release|Win32
		{84DE7DCC-AC2C-DD89-399C-492DF6923880}.Release|x86.Build.0 = Release|Win32
		{D05B2A3B-B0F6-43D7-8320-A7429BFF2823}.Debug|x64.ActiveCfg = Debug|x64
		{D05B2A3B-B0F6-43D7-8320-A7429BFF2823}.Debug|x64.Build.0 = Debug|x64
		{D05B2A3B-B0F6-43D7-8320-A7429BFF2823}.Debug|x86.ActiveCfg = Debug|Win32
		{D05B2A3B-B0F6-43D7-8320-A7429BFF2823}.Debug|x86.Build.0 = Debug|Win32
		{D05B2A3B-B0F6-43D7-8320-A7429BFF2823}.Release|x64.ActiveCfg = Release|x64
		{D05B2A3B-B0F6-43D7-8320-A7429BFF2823}.Release|x64.Build.0 = Release|x64
		{D05B2A3B-B0F6-43D7-8320-A7429BFF2823}.Release|x86.ActiveCfg = Release|Win32
		{D05B2A3B-B0F6-43D7-8320-A7429BFF2823}.Release|x86.Build.0 = Release|Win32
	EndGlobalSection
	GlobalSection(SolutionProperties) = preSolution
		HideSolutionNode = FALSE
	EndGlobalSection
	GlobalSection(ExtensibilityGlobals) = postSolution
		SolutionGuid = {91936B8F-554C-4EF4-B4AB-A55B03D1564A}
	EndGlobalSection
EndGlobal
